
Microsoft Visual Studio Solution File, Format Version 12.00
# Visual Studio 15
VisualStudioVersion = 15.0.27130.2027
MinimumVisualStudioVersion = 10.0.40219.1
Project("{930C7802-8A8C-48F9-8165-68863BCCD9DD}") = "LibreSSL-Installer", "LibreSSL-Installer\LibreSSL-Installer.wixproj", "{45D913A7-7764-412C-8F7A-070EA6E69193}"
EndProject
Global
	GlobalSection(SolutionConfigurationPlatforms) = preSolution
		Debug|x64 = Debug|x64
		Debug|x86 = Debug|x86
		Release|x64 = Release|x64
		Release|x86 = Release|x86
	EndGlobalSection
	GlobalSection(ProjectConfigurationPlatforms) = postSolution
		{45D913A7-7764-412C-8F7A-070EA6E69193}.Debug|x64.ActiveCfg = Debug|x64
		{45D913A7-7764-412C-8F7A-070EA6E69193}.Debug|x64.Build.0 = Debug|x64
		{45D913A7-7764-412C-8F7A-070EA6E69193}.Debug|x86.ActiveCfg = Debug|x86
		{45D913A7-7764-412C-8F7A-070EA6E69193}.Debug|x86.Build.0 = Debug|x86
		{45D913A7-7764-412C-8F7A-070EA6E69193}.Release|x64.ActiveCfg = Release|x64
		{45D913A7-7764-412C-8F7A-070EA6E69193}.Release|x64.Build.0 = Release|x64
		{45D913A7-7764-412C-8F7A-070EA6E69193}.Release|x86.ActiveCfg = Release|x86
		{45D913A7-7764-412C-8F7A-070EA6E69193}.Release|x86.Build.0 = Release|x86
	EndGlobalSection
	GlobalSection(SolutionProperties) = preSolution
		HideSolutionNode = FALSE
	EndGlobalSection
	GlobalSection(ExtensibilityGlobals) = postSolution
		SolutionGuid = {23A99E4D-C1CF-4E6E-A975-08EA22912747}
	EndGlobalSection
EndGlobal
