
Microsoft Visual Studio Solution File, Format Version 12.00
# Visual Studio 15
VisualStudioVersion = 15.0.27130.2010
MinimumVisualStudioVersion = 10.0.40219.1
Project("{8BC9CEB8-8B4A-11D0-8D11-00A0C91BC942}") = "Lua-Library", "Lua-Library\Lua-Library.vcxproj", "{24D061DA-9753-4B62-BF91-393E3330580D}"
EndProject
Project("{8BC9CEB8-8B4A-11D0-8D11-00A0C91BC942}") = "Lua-Interpreter", "Lua-Interpreter\Lua-Interpreter.vcxproj", "{88DC0221-75B3-4C8A-B8DC-C947CD953AE0}"
EndProject
Project("{8BC9CEB8-8B4A-11D0-8D11-00A0C91BC942}") = "LuaFileSystem", "LuaFileSystem\LuaFileSystem.vcxproj", "{D2028014-1B8C-4022-B0A0-5998B108964F}"
EndProject
Project("{8BC9CEB8-8B4A-11D0-8D11-00A0C91BC942}") = "Lua-Compiler", "Lua-Compiler\Lua-Compiler.vcxproj", "{BF6D881B-CAF7-4B99-BA28-43FEBAEC4ACC}"
EndProject
Project("{8BC9CEB8-8B4A-11D0-8D11-00A0C91BC942}") = "Lua-Static-Library", "Lua-Static-Library\Lua-Static-Library.vcxproj", "{1D31CC65-EC2E-4083-A176-D27F83A658BD}"
EndProject
Project("{930C7802-8A8C-48F9-8165-68863BCCD9DD}") = "PUC-Lua Installer", "PUC-Lua-Installer\PUC-Lua Installer.wixproj", "{18F27821-D3A6-4DFA-B53E-9461C1DD79A9}"
EndProject
Global
	GlobalSection(SolutionConfigurationPlatforms) = preSolution
		Debug|x64 = Debug|x64
		Debug|x86 = Debug|x86
		Release|x64 = Release|x64
		Release|x86 = Release|x86
	EndGlobalSection
	GlobalSection(ProjectConfigurationPlatforms) = postSolution
		{24D061DA-9753-4B62-BF91-393E3330580D}.Debug|x64.ActiveCfg = Debug|x64
		{24D061DA-9753-4B62-BF91-393E3330580D}.Debug|x64.Build.0 = Debug|x64
		{24D061DA-9753-4B62-BF91-393E3330580D}.Debug|x86.ActiveCfg = Debug|Win32
		{24D061DA-9753-4B62-BF91-393E3330580D}.Debug|x86.Build.0 = Debug|Win32
		{24D061DA-9753-4B62-BF91-393E3330580D}.Release|x64.ActiveCfg = Release|x64
		{24D061DA-9753-4B62-BF91-393E3330580D}.Release|x64.Build.0 = Release|x64
		{24D061DA-9753-4B62-BF91-393E3330580D}.Release|x86.ActiveCfg = Release|Win32
		{24D061DA-9753-4B62-BF91-393E3330580D}.Release|x86.Build.0 = Release|Win32
		{88DC0221-75B3-4C8A-B8DC-C947CD953AE0}.Debug|x64.ActiveCfg = Debug|x64
		{88DC0221-75B3-4C8A-B8DC-C947CD953AE0}.Debug|x64.Build.0 = Debug|x64
		{88DC0221-75B3-4C8A-B8DC-C947CD953AE0}.Debug|x86.ActiveCfg = Debug|Win32
		{88DC0221-75B3-4C8A-B8DC-C947CD953AE0}.Debug|x86.Build.0 = Debug|Win32
		{88DC0221-75B3-4C8A-B8DC-C947CD953AE0}.Release|x64.ActiveCfg = Release|x64
		{88DC0221-75B3-4C8A-B8DC-C947CD953AE0}.Release|x64.Build.0 = Release|x64
		{88DC0221-75B3-4C8A-B8DC-C947CD953AE0}.Release|x86.ActiveCfg = Release|Win32
		{88DC0221-75B3-4C8A-B8DC-C947CD953AE0}.Release|x86.Build.0 = Release|Win32
		{D2028014-1B8C-4022-B0A0-5998B108964F}.Debug|x64.ActiveCfg = Debug|x64
		{D2028014-1B8C-4022-B0A0-5998B108964F}.Debug|x64.Build.0 = Debug|x64
		{D2028014-1B8C-4022-B0A0-5998B108964F}.Debug|x86.ActiveCfg = Debug|Win32
		{D2028014-1B8C-4022-B0A0-5998B108964F}.Debug|x86.Build.0 = Debug|Win32
		{D2028014-1B8C-4022-B0A0-5998B108964F}.Release|x64.ActiveCfg = Release|x64
		{D2028014-1B8C-4022-B0A0-5998B108964F}.Release|x64.Build.0 = Release|x64
		{D2028014-1B8C-4022-B0A0-5998B108964F}.Release|x86.ActiveCfg = Release|Win32
		{D2028014-1B8C-4022-B0A0-5998B108964F}.Release|x86.Build.0 = Release|Win32
		{BF6D881B-CAF7-4B99-BA28-43FEBAEC4ACC}.Debug|x64.ActiveCfg = Debug|x64
		{BF6D881B-CAF7-4B99-BA28-43FEBAEC4ACC}.Debug|x64.Build.0 = Debug|x64
		{BF6D881B-CAF7-4B99-BA28-43FEBAEC4ACC}.Debug|x86.ActiveCfg = Debug|Win32
		{BF6D881B-CAF7-4B99-BA28-43FEBAEC4ACC}.Debug|x86.Build.0 = Debug|Win32
		{BF6D881B-CAF7-4B99-BA28-43FEBAEC4ACC}.Release|x64.ActiveCfg = Release|x64
		{BF6D881B-CAF7-4B99-BA28-43FEBAEC4ACC}.Release|x64.Build.0 = Release|x64
		{BF6D881B-CAF7-4B99-BA28-43FEBAEC4ACC}.Release|x86.ActiveCfg = Release|Win32
		{BF6D881B-CAF7-4B99-BA28-43FEBAEC4ACC}.Release|x86.Build.0 = Release|Win32
		{1D31CC65-EC2E-4083-A176-D27F83A658BD}.Debug|x64.ActiveCfg = Debug|x64
		{1D31CC65-EC2E-4083-A176-D27F83A658BD}.Debug|x64.Build.0 = Debug|x64
		{1D31CC65-EC2E-4083-A176-D27F83A658BD}.Debug|x86.ActiveCfg = Debug|Win32
		{1D31CC65-EC2E-4083-A176-D27F83A658BD}.Debug|x86.Build.0 = Debug|Win32
		{1D31CC65-EC2E-4083-A176-D27F83A658BD}.Release|x64.ActiveCfg = Release|x64
		{1D31CC65-EC2E-4083-A176-D27F83A658BD}.Release|x64.Build.0 = Release|x64
		{1D31CC65-EC2E-4083-A176-D27F83A658BD}.Release|x86.ActiveCfg = Release|Win32
		{1D31CC65-EC2E-4083-A176-D27F83A658BD}.Release|x86.Build.0 = Release|Win32
		{18F27821-D3A6-4DFA-B53E-9461C1DD79A9}.Debug|x64.ActiveCfg = Debug|x64
		{18F27821-D3A6-4DFA-B53E-9461C1DD79A9}.Debug|x64.Build.0 = Debug|x64
		{18F27821-D3A6-4DFA-B53E-9461C1DD79A9}.Debug|x86.ActiveCfg = Debug|x86
		{18F27821-D3A6-4DFA-B53E-9461C1DD79A9}.Debug|x86.Build.0 = Debug|x86
		{18F27821-D3A6-4DFA-B53E-9461C1DD79A9}.Release|x64.ActiveCfg = Release|x64
		{18F27821-D3A6-4DFA-B53E-9461C1DD79A9}.Release|x64.Build.0 = Release|x64
		{18F27821-D3A6-4DFA-B53E-9461C1DD79A9}.Release|x86.ActiveCfg = Release|x86
		{18F27821-D3A6-4DFA-B53E-9461C1DD79A9}.Release|x86.Build.0 = Release|x86
	EndGlobalSection
	GlobalSection(SolutionProperties) = preSolution
		HideSolutionNode = FALSE
	EndGlobalSection
	GlobalSection(ExtensibilityGlobals) = postSolution
		SolutionGuid = {E0AC8B7D-1C2E-481C-B0AC-147BDFCBFA94}
	EndGlobalSection
EndGlobal
